
Microsoft Visual Studio Solution File, Format Version 12.00
# Visual Studio Version 16
VisualStudioVersion = 16.0.32106.194
MinimumVisualStudioVersion = 10.0.40219.1
Project("{FAE04EC0-301F-11D3-BF4B-00C04F79EFBC}") = "CollegeGrade", "CollegeGrade\CollegeGrade.csproj", "{66B6D148-6F24-45B0-9F00-5E51FE42D9DC}"
EndProject
Global
	GlobalSection(SolutionConfigurationPlatforms) = preSolution
		Debug|Any CPU = Debug|Any CPU
		Release|Any CPU = Release|Any CPU
	EndGlobalSection
	GlobalSection(ProjectConfigurationPlatforms) = postSolution
		{66B6D148-6F24-45B0-9F00-5E51FE42D9DC}.Debug|Any CPU.ActiveCfg = Debug|Any CPU
		{66B6D148-6F24-45B0-9F00-5E51FE42D9DC}.Debug|Any CPU.Build.0 = Debug|Any CPU
		{66B6D148-6F24-45B0-9F00-5E51FE42D9DC}.Release|Any CPU.ActiveCfg = Release|Any CPU
		{66B6D148-6F24-45B0-9F00-5E51FE42D9DC}.Release|Any CPU.Build.0 = Release|Any CPU
	EndGlobalSection
	GlobalSection(SolutionProperties) = preSolution
		HideSolutionNode = FALSE
	EndGlobalSection
	GlobalSection(ExtensibilityGlobals) = postSolution
		SolutionGuid = {CFC295C9-0EE7-43B1-9371-E650B234AA35}
	EndGlobalSection
EndGlobal
